
Microsoft Visual Studio Solution File, Format Version 12.00
# Visual Studio Version 17
VisualStudioVersion = 17.12.35514.174
MinimumVisualStudioVersion = 10.0.40219.1
Project("{2150E333-8FDC-42A3-9474-1A3956D46DE8}") = "Core", "Core", "{03A57682-DCB6-4315-9AD3-4ED679EB8BF4}"
EndProject
Project("{2150E333-8FDC-42A3-9474-1A3956D46DE8}") = "Documents", "Documents", "{CDC5F50E-92D5-472A-93F0-7A2898AD4D5A}"
	ProjectSection(SolutionItems) = preProject
		README.md = README.md
		ScriptDB.sql = ScriptDB.sql
	EndProjectSection
EndProject
Project("{FAE04EC0-301F-11D3-BF4B-00C04F79EFBC}") = "JFS.WebAPI", "JFS.WebAPI\JFS.WebAPI.csproj", "{A6D2F31E-3A9A-4E15-BC10-EB0BEB195A70}"
EndProject
Project("{FAE04EC0-301F-11D3-BF4B-00C04F79EFBC}") = "JFS.Domain", "JFS.Domain\JFS.Domain.csproj", "{06D7EBAF-03C3-4479-A8BC-4C8AE734DEAA}"
EndProject
Project("{FAE04EC0-301F-11D3-BF4B-00C04F79EFBC}") = "JFS.Application", "JFS.Application\JFS.Application.csproj", "{3531537D-54C8-4DDC-9EC5-EE8D20A5FE19}"
EndProject
Project("{FAE04EC0-301F-11D3-BF4B-00C04F79EFBC}") = "JFS.Infrastructure", "JFS.Infrastructure\JFS.Infrastructure.csproj", "{B88BF437-A948-4073-AEAD-06E84BA00B18}"
EndProject
Project("{2150E333-8FDC-42A3-9474-1A3956D46DE8}") = "WebUI", "WebUI", "{91CE4A83-825B-448C-9DD6-456C8E8097A7}"
EndProject
Project("{FAE04EC0-301F-11D3-BF4B-00C04F79EFBC}") = "JFS.BlazorWebApp", "JFS.BlazorWebApp\JFS.BlazorWebApp\JFS.BlazorWebApp.csproj", "{B9D1DEEB-EEF3-456E-B5D3-682EBDA77328}"
EndProject
Project("{FAE04EC0-301F-11D3-BF4B-00C04F79EFBC}") = "JFS.BlazorWebApp.Client", "JFS.BlazorWebApp\JFS.BlazorWebApp.Client\JFS.BlazorWebApp.Client.csproj", "{1A93B8BE-4100-4394-91CC-CA54FB163AE7}"
EndProject
Project("{FAE04EC0-301F-11D3-BF4B-00C04F79EFBC}") = "JFS.Shared", "JFS.Shared\JFS.Shared.csproj", "{F77D99B7-977B-47CE-B308-745C5832E3AF}"
EndProject
Global
	GlobalSection(SolutionConfigurationPlatforms) = preSolution
		Debug|Any CPU = Debug|Any CPU
		Release|Any CPU = Release|Any CPU
	EndGlobalSection
	GlobalSection(ProjectConfigurationPlatforms) = postSolution
		{A6D2F31E-3A9A-4E15-BC10-EB0BEB195A70}.Debug|Any CPU.ActiveCfg = Debug|Any CPU
		{A6D2F31E-3A9A-4E15-BC10-EB0BEB195A70}.Debug|Any CPU.Build.0 = Debug|Any CPU
		{A6D2F31E-3A9A-4E15-BC10-EB0BEB195A70}.Release|Any CPU.ActiveCfg = Release|Any CPU
		{A6D2F31E-3A9A-4E15-BC10-EB0BEB195A70}.Release|Any CPU.Build.0 = Release|Any CPU
		{06D7EBAF-03C3-4479-A8BC-4C8AE734DEAA}.Debug|Any CPU.ActiveCfg = Debug|Any CPU
		{06D7EBAF-03C3-4479-A8BC-4C8AE734DEAA}.Debug|Any CPU.Build.0 = Debug|Any CPU
		{06D7EBAF-03C3-4479-A8BC-4C8AE734DEAA}.Release|Any CPU.ActiveCfg = Release|Any CPU
		{06D7EBAF-03C3-4479-A8BC-4C8AE734DEAA}.Release|Any CPU.Build.0 = Release|Any CPU
		{3531537D-54C8-4DDC-9EC5-EE8D20A5FE19}.Debug|Any CPU.ActiveCfg = Debug|Any CPU
		{3531537D-54C8-4DDC-9EC5-EE8D20A5FE19}.Debug|Any CPU.Build.0 = Debug|Any CPU
		{3531537D-54C8-4DDC-9EC5-EE8D20A5FE19}.Release|Any CPU.ActiveCfg = Release|Any CPU
		{3531537D-54C8-4DDC-9EC5-EE8D20A5FE19}.Release|Any CPU.Build.0 = Release|Any CPU
		{B88BF437-A948-4073-AEAD-06E84BA00B18}.Debug|Any CPU.ActiveCfg = Debug|Any CPU
		{B88BF437-A948-4073-AEAD-06E84BA00B18}.Debug|Any CPU.Build.0 = Debug|Any CPU
		{B88BF437-A948-4073-AEAD-06E84BA00B18}.Release|Any CPU.ActiveCfg = Release|Any CPU
		{B88BF437-A948-4073-AEAD-06E84BA00B18}.Release|Any CPU.Build.0 = Release|Any CPU
		{B9D1DEEB-EEF3-456E-B5D3-682EBDA77328}.Debug|Any CPU.ActiveCfg = Debug|Any CPU
		{B9D1DEEB-EEF3-456E-B5D3-682EBDA77328}.Debug|Any CPU.Build.0 = Debug|Any CPU
		{B9D1DEEB-EEF3-456E-B5D3-682EBDA77328}.Release|Any CPU.ActiveCfg = Release|Any CPU
		{B9D1DEEB-EEF3-456E-B5D3-682EBDA77328}.Release|Any CPU.Build.0 = Release|Any CPU
		{1A93B8BE-4100-4394-91CC-CA54FB163AE7}.Debug|Any CPU.ActiveCfg = Debug|Any CPU
		{1A93B8BE-4100-4394-91CC-CA54FB163AE7}.Debug|Any CPU.Build.0 = Debug|Any CPU
		{1A93B8BE-4100-4394-91CC-CA54FB163AE7}.Release|Any CPU.ActiveCfg = Release|Any CPU
		{1A93B8BE-4100-4394-91CC-CA54FB163AE7}.Release|Any CPU.Build.0 = Release|Any CPU
		{F77D99B7-977B-47CE-B308-745C5832E3AF}.Debug|Any CPU.ActiveCfg = Debug|Any CPU
		{F77D99B7-977B-47CE-B308-745C5832E3AF}.Debug|Any CPU.Build.0 = Debug|Any CPU
		{F77D99B7-977B-47CE-B308-745C5832E3AF}.Release|Any CPU.ActiveCfg = Release|Any CPU
		{F77D99B7-977B-47CE-B308-745C5832E3AF}.Release|Any CPU.Build.0 = Release|Any CPU
	EndGlobalSection
	GlobalSection(SolutionProperties) = preSolution
		HideSolutionNode = FALSE
	EndGlobalSection
	GlobalSection(NestedProjects) = preSolution
		{A6D2F31E-3A9A-4E15-BC10-EB0BEB195A70} = {03A57682-DCB6-4315-9AD3-4ED679EB8BF4}
		{06D7EBAF-03C3-4479-A8BC-4C8AE734DEAA} = {03A57682-DCB6-4315-9AD3-4ED679EB8BF4}
		{3531537D-54C8-4DDC-9EC5-EE8D20A5FE19} = {03A57682-DCB6-4315-9AD3-4ED679EB8BF4}
		{B88BF437-A948-4073-AEAD-06E84BA00B18} = {03A57682-DCB6-4315-9AD3-4ED679EB8BF4}
		{B9D1DEEB-EEF3-456E-B5D3-682EBDA77328} = {91CE4A83-825B-448C-9DD6-456C8E8097A7}
		{1A93B8BE-4100-4394-91CC-CA54FB163AE7} = {91CE4A83-825B-448C-9DD6-456C8E8097A7}
		{F77D99B7-977B-47CE-B308-745C5832E3AF} = {03A57682-DCB6-4315-9AD3-4ED679EB8BF4}
	EndGlobalSection
EndGlobal
